PODS:
  - ReactiveCocoa (10.1.0):
    - ReactiveSwift (~> 6.1)
  - ReactiveFeedback (0.7.0):
    - ReactiveSwift (~> 6.0)
  - ReactiveSwift (6.1.0)
  - SnapKit (5.0.1)

DEPENDENCIES:
  - ReactiveCocoa
  - ReactiveFeedback
  - ReactiveSwift
  - SnapKit

SPEC REPOS:
  trunk:
    - ReactiveCocoa
    - ReactiveFeedback
    - ReactiveSwift
    - SnapKit

SPEC CHECKSUMS:
  ReactiveCocoa: 2f1d942d79072eded6d8c3bc7c2a641d40855a56
  ReactiveFeedback: 89c306d59a738303fdf628594c2d0072d690854b
  ReactiveSwift: b78c7259f8ca46368238c895ae33a6a3bf9f811c
  SnapKit: 97b92857e3df3a0c71833cce143274bf6ef8e5eb

PODFILE CHECKSUM: 8938de7ecfcade1f165fc35b997002fb3e710f6e

COCOAPODS: 1.8.3
